// !$*UTF8*$!
{
	archiveVersion = 1;
	classes = {
	};
	objectVersion = 77;
	objects = {

/* Begin PBXBuildFile section */
		57488DC02E3E261F00AD239B /* TickMarkLabel.swift in Sources */ = {isa = PBXBuildFile; fileRef = 57488DB62E3E261F00AD239B /* TickMarkLabel.swift */; };
		57488DC42E3E261F00AD239B /* SpeedometerApp.swift in Sources */ = {isa = PBXBuildFile; fileRef = 57488DBE2E3E261F00AD239B /* SpeedometerApp.swift */; };
		57488DC52E3E261F00AD239B /* Assets.xcassets in Resources */ = {isa = PBXBuildFile; fileRef = 57488DBA2E3E261F00AD239B /* Assets.xcassets */; };
		57488DC72E3E264B00AD239B /* TickMarkLabel+Helper.swift in Sources */ = {isa = PBXBuildFile; fileRef = 57488DC62E3E264B00AD239B /* TickMarkLabel+Helper.swift */; };
		57488DCA2E3E26CE00AD239B /* Polar.swift in Sources */ = {isa = PBXBuildFile; fileRef = 57488DC92E3E26CE00AD239B /* Polar.swift */; };
		57488DCD2E3E29DF00AD239B /* SpeedometerHand.swift in Sources */ = {isa = PBXBuildFile; fileRef = 57488DCC2E3E29DF00AD239B /* SpeedometerHand.swift */; };
		57488DD22E3E347A00AD239B /* SpeedometerView.swift in Sources */ = {isa = PBXBuildFile; fileRef = 57488DD12E3E347A00AD239B /* SpeedometerView.swift */; };
		57488DD42E3E34C000AD239B /* SpeedometerView+Content.swift in Sources */ = {isa = PBXBuildFile; fileRef = 57488DD32E3E34C000AD239B /* SpeedometerView+Content.swift */; };
		57488DD62E3E34D400AD239B /* SpeedometerView+Helper.swift in Sources */ = {isa = PBXBuildFile; fileRef = 57488DD52E3E34D400AD239B /* SpeedometerView+Helper.swift */; };
		57488DDA2E3E37B800AD239B /* RootView.swift in Sources */ = {isa = PBXBuildFile; fileRef = 57488DD92E3E37B800AD239B /* RootView.swift */; };
		57488DDC2E3E38CD00AD239B /* SpeedFieldView.swift in Sources */ = {isa = PBXBuildFile; fileRef = 57488DDB2E3E38CD00AD239B /* SpeedFieldView.swift */; };
/* End PBXBuildFile section */

/* Begin PBXFileReference section */
		57488D9A2E3DF4FF00AD239B /* Speedometer.app */ = {isa = PBXFileReference; explicitFileType = wrapper.application; includeInIndex = 0; path = Speedometer.app; sourceTree = BUILT_PRODUCTS_DIR; };
		57488DB62E3E261F00AD239B /* TickMarkLabel.swift */ = {isa = PBXFileReference; lastKnownFileType = sourcecode.swift; path = TickMarkLabel.swift; sourceTree = "<group>"; };
		57488DBA2E3E261F00AD239B /* Assets.xcassets */ = {isa = PBXFileReference; lastKnownFileType = folder.assetcatalog; path = Assets.xcassets; sourceTree = "<group>"; };
		57488DBE2E3E261F00AD239B /* SpeedometerApp.swift */ = {isa = PBXFileReference; lastKnownFileType = sourcecode.swift; path = SpeedometerApp.swift; sourceTree = "<group>"; };
		57488DC62E3E264B00AD239B /* TickMarkLabel+Helper.swift */ = {isa = PBXFileReference; lastKnownFileType = sourcecode.swift; path = "TickMarkLabel+Helper.swift"; sourceTree = "<group>"; };
		57488DC92E3E26CE00AD239B /* Polar.swift */ = {isa = PBXFileReference; lastKnownFileType = sourcecode.swift; path = Polar.swift; sourceTree = "<group>"; };
		57488DCC2E3E29DF00AD239B /* SpeedometerHand.swift */ = {isa = PBXFileReference; lastKnownFileType = sourcecode.swift; path = SpeedometerHand.swift; sourceTree = "<group>"; };
		57488DD12E3E347A00AD239B /* SpeedometerView.swift */ = {isa = PBXFileReference; lastKnownFileType = sourcecode.swift; path = SpeedometerView.swift; sourceTree = "<group>"; };
		57488DD32E3E34C000AD239B /* SpeedometerView+Content.swift */ = {isa = PBXFileReference; lastKnownFileType = sourcecode.swift; path = "SpeedometerView+Content.swift"; sourceTree = "<group>"; };
		57488DD52E3E34D400AD239B /* SpeedometerView+Helper.swift */ = {isa = PBXFileReference; lastKnownFileType = sourcecode.swift; path = "SpeedometerView+Helper.swift"; sourceTree = "<group>"; };
		57488DD92E3E37B800AD239B /* RootView.swift */ = {isa = PBXFileReference; lastKnownFileType = sourcecode.swift; path = RootView.swift; sourceTree = "<group>"; };
		57488DDB2E3E38CD00AD239B /* SpeedFieldView.swift */ = {isa = PBXFileReference; lastKnownFileType = sourcecode.swift; path = SpeedFieldView.swift; sourceTree = "<group>"; };
/* End PBXFileReference section */

/* Begin PBXFrameworksBuildPhase section */
		57488D972E3DF4FF00AD239B /* Frameworks */ = {
			isa = PBXFrameworksBuildPhase;
			buildActionMask = 2147483647;
			files = (
			);
			runOnlyForDeploymentPostprocessing = 0;
		};
/* End PBXFrameworksBuildPhase section */

/* Begin PBXGroup section */
		57488D912E3DF4FF00AD239B = {
			isa = PBXGroup;
			children = (
				57488DBF2E3E261F00AD239B /* Speedometer */,
				57488D9B2E3DF4FF00AD239B /* Products */,
			);
			sourceTree = "<group>";
		};
		57488D9B2E3DF4FF00AD239B /* Products */ = {
			isa = PBXGroup;
			children = (
				57488D9A2E3DF4FF00AD239B /* Speedometer.app */,
			);
			name = Products;
			sourceTree = "<group>";
		};
		57488DB72E3E261F00AD239B /* TickMarkLabel */ = {
			isa = PBXGroup;
			children = (
				57488DB62E3E261F00AD239B /* TickMarkLabel.swift */,
				57488DC62E3E264B00AD239B /* TickMarkLabel+Helper.swift */,
			);
			path = TickMarkLabel;
			sourceTree = "<group>";
		};
		57488DB92E3E261F00AD239B /* SpeedometerView */ = {
			isa = PBXGroup;
			children = (
				57488DC82E3E268F00AD239B /* Helper */,
				57488DD12E3E347A00AD239B /* SpeedometerView.swift */,
				57488DD32E3E34C000AD239B /* SpeedometerView+Content.swift */,
				57488DD52E3E34D400AD239B /* SpeedometerView+Helper.swift */,
			);
			path = SpeedometerView;
			sourceTree = "<group>";
		};
		57488DBF2E3E261F00AD239B /* Speedometer */ = {
			isa = PBXGroup;
			children = (
				57488DBE2E3E261F00AD239B /* SpeedometerApp.swift */,
				57488DD82E3E37A100AD239B /* Root */,
				57488DB92E3E261F00AD239B /* SpeedometerView */,
				57488DD72E3E379800AD239B /* Resources */,
			);
			path = Speedometer;
			sourceTree = "<group>";
		};
		57488DC82E3E268F00AD239B /* Helper */ = {
			isa = PBXGroup;
			children = (
				57488DCF2E3E345400AD239B /* Models */,
				57488DCE2E3E344E00AD239B /* Views */,
			);
			path = Helper;
			sourceTree = "<group>";
		};
		57488DCB2E3E29CA00AD239B /* SpeedometerHand */ = {
			isa = PBXGroup;
			children = (
				57488DCC2E3E29DF00AD239B /* SpeedometerHand.swift */,
			);
			path = SpeedometerHand;
			sourceTree = "<group>";
		};
		57488DCE2E3E344E00AD239B /* Views */ = {
			isa = PBXGroup;
			children = (
				57488DCB2E3E29CA00AD239B /* SpeedometerHand */,
				57488DB72E3E261F00AD239B /* TickMarkLabel */,
			);
			path = Views;
			sourceTree = "<group>";
		};
		57488DCF2E3E345400AD239B /* Models */ = {
			isa = PBXGroup;
			children = (
				57488DC92E3E26CE00AD239B /* Polar.swift */,
			);
			path = Models;
			sourceTree = "<group>";
		};
		57488DD72E3E379800AD239B /* Resources */ = {
			isa = PBXGroup;
			children = (
				57488DBA2E3E261F00AD239B /* Assets.xcassets */,
			);
			path = Resources;
			sourceTree = "<group>";
		};
		57488DD82E3E37A100AD239B /* Root */ = {
			isa = PBXGroup;
			children = (
				57488DD92E3E37B800AD239B /* RootView.swift */,
				57488DDB2E3E38CD00AD239B /* SpeedFieldView.swift */,
			);
			path = Root;
			sourceTree = "<group>";
		};
/* End PBXGroup section */

/* Begin PBXNativeTarget section */
		57488D992E3DF4FF00AD239B /* Speedometer */ = {
			isa = PBXNativeTarget;
			buildConfigurationList = 57488DA52E3DF50100AD239B /* Build configuration list for PBXNativeTarget "Speedometer" */;
			buildPhases = (
				57488D962E3DF4FF00AD239B /* Sources */,
				57488D972E3DF4FF00AD239B /* Frameworks */,
				57488D982E3DF4FF00AD239B /* Resources */,
			);
			buildRules = (
			);
			dependencies = (
			);
			name = Speedometer;
			packageProductDependencies = (
			);
			productName = Speedometer;
			productReference = 57488D9A2E3DF4FF00AD239B /* Speedometer.app */;
			productType = "com.apple.product-type.application";
		};
/* End PBXNativeTarget section */

/* Begin PBXProject section */
		57488D922E3DF4FF00AD239B /* Project object */ = {
			isa = PBXProject;
			attributes = {
				BuildIndependentTargetsInParallel = 1;
				LastSwiftUpdateCheck = 1630;
				LastUpgradeCheck = 1630;
				TargetAttributes = {
					57488D992E3DF4FF00AD239B = {
						CreatedOnToolsVersion = 16.3;
					};
				};
			};
			buildConfigurationList = 57488D952E3DF4FF00AD239B /* Build configuration list for PBXProject "Speedometer" */;
			developmentRegion = en;
			hasScannedForEncodings = 0;
			knownRegions = (
				en,
				Base,
			);
			mainGroup = 57488D912E3DF4FF00AD239B;
			minimizedProjectReferenceProxies = 1;
			preferredProjectObjectVersion = 77;
			productRefGroup = 57488D9B2E3DF4FF00AD239B /* Products */;
			projectDirPath = "";
			projectRoot = "";
			targets = (
				57488D992E3DF4FF00AD239B /* Speedometer */,
			);
		};
/* End PBXProject section */

/* Begin PBXResourcesBuildPhase section */
		57488D982E3DF4FF00AD239B /* Resources */ = {
			isa = PBXResourcesBuildPhase;
			buildActionMask = 2147483647;
			files = (
				57488DC52E3E261F00AD239B /* Assets.xcassets in Resources */,
			);
			runOnlyForDeploymentPostprocessing = 0;
		};
/* End PBXResourcesBuildPhase section */

/* Begin PBXSourcesBuildPhase section */
		57488D962E3DF4FF00AD239B /* Sources */ = {
			isa = PBXSourcesBuildPhase;
			buildActionMask = 2147483647;
			files = (
				57488DD22E3E347A00AD239B /* SpeedometerView.swift in Sources */,
				57488DC02E3E261F00AD239B /* TickMarkLabel.swift in Sources */,
				57488DD62E3E34D400AD239B /* SpeedometerView+Helper.swift in Sources */,
				57488DDC2E3E38CD00AD239B /* SpeedFieldView.swift in Sources */,
				57488DDA2E3E37B800AD239B /* RootView.swift in Sources */,
				57488DCA2E3E26CE00AD239B /* Polar.swift in Sources */,
				57488DC72E3E264B00AD239B /* TickMarkLabel+Helper.swift in Sources */,
				57488DCD2E3E29DF00AD239B /* SpeedometerHand.swift in Sources */,
				57488DD42E3E34C000AD239B /* SpeedometerView+Content.swift in Sources */,
				57488DC42E3E261F00AD239B /* SpeedometerApp.swift in Sources */,
			);
			runOnlyForDeploymentPostprocessing = 0;
		};
/* End PBXSourcesBuildPhase section */

/* Begin XCBuildConfiguration section */
		57488DA32E3DF50100AD239B /* Debug */ = {
			isa = XCBuildConfiguration;
			buildSettings = {
				ALWAYS_SEARCH_USER_PATHS = NO;
				ASSETCATALOG_COMPILER_GENERATE_SWIFT_ASSET_SYMBOL_EXTENSIONS = YES;
				CLANG_ANALYZER_NONNULL = YES;
				CLANG_ANALYZER_NUMBER_OBJECT_CONVERSION = YES_AGGRESSIVE;
				CLANG_CXX_LANGUAGE_STANDARD = "gnu++20";
				CLANG_ENABLE_MODULES = YES;
				CLANG_ENABLE_OBJC_ARC = YES;
				CLANG_ENABLE_OBJC_WEAK = YES;
				CLANG_WARN_BLOCK_CAPTURE_AUTORELEASING = YES;
				CLANG_WARN_BOOL_CONVERSION = YES;
				CLANG_WARN_COMMA = YES;
				CLANG_WARN_CONSTANT_CONVERSION = YES;
				CLANG_WARN_DEPRECATED_OBJC_IMPLEMENTATIONS = YES;
				CLANG_WARN_DIRECT_OBJC_ISA_USAGE = YES_ERROR;
				CLANG_WARN_DOCUMENTATION_COMMENTS = YES;
				CLANG_WARN_EMPTY_BODY = YES;
				CLANG_WARN_ENUM_CONVERSION = YES;
				CLANG_WARN_INFINITE_RECURSION = YES;
				CLANG_WARN_INT_CONVERSION = YES;
				CLANG_WARN_NON_LITERAL_NULL_CONVERSION = YES;
				CLANG_WARN_OBJC_IMPLICIT_RETAIN_SELF = YES;
				CLANG_WARN_OBJC_LITERAL_CONVERSION = YES;
				CLANG_WARN_OBJC_ROOT_CLASS = YES_ERROR;
				CLANG_WARN_QUOTED_INCLUDE_IN_FRAMEWORK_HEADER = YES;
				CLANG_WARN_RANGE_LOOP_ANALYSIS = YES;
				CLANG_WARN_STRICT_PROTOTYPES = YES;
				CLANG_WARN_SUSPICIOUS_MOVE = YES;
				CLANG_WARN_UNGUARDED_AVAILABILITY = YES_AGGRESSIVE;
				CLANG_WARN_UNREACHABLE_CODE = YES;
				CLANG_WARN__DUPLICATE_METHOD_MATCH = YES;
				COPY_PHASE_STRIP = NO;
				DEBUG_INFORMATION_FORMAT = dwarf;
				DEVELOPMENT_TEAM = 3AQ4QNZLD7;
				ENABLE_STRICT_OBJC_MSGSEND = YES;
				ENABLE_TESTABILITY = YES;
				ENABLE_USER_SCRIPT_SANDBOXING = YES;
				GCC_C_LANGUAGE_STANDARD = gnu17;
				GCC_DYNAMIC_NO_PIC = NO;
				GCC_NO_COMMON_BLOCKS = YES;
				GCC_OPTIMIZATION_LEVEL = 0;
				GCC_PREPROCESSOR_DEFINITIONS = (
					"DEBUG=1",
					"$(inherited)",
				);
				GCC_WARN_64_TO_32_BIT_CONVERSION = YES;
				GCC_WARN_ABOUT_RETURN_TYPE = YES_ERROR;
				GCC_WARN_UNDECLARED_SELECTOR = YES;
				GCC_WARN_UNINITIALIZED_AUTOS = YES_AGGRESSIVE;
				GCC_WARN_UNUSED_FUNCTION = YES;
				GCC_WARN_UNUSED_VARIABLE = YES;
				IPHONEOS_DEPLOYMENT_TARGET = 18.4;
				LOCALIZATION_PREFERS_STRING_CATALOGS = YES;
				MTL_ENABLE_DEBUG_INFO = INCLUDE_SOURCE;
				MTL_FAST_MATH = YES;
				ONLY_ACTIVE_ARCH = YES;
				SDKROOT = iphoneos;
				SWIFT_ACTIVE_COMPILATION_CONDITIONS = "DEBUG $(inherited)";
				SWIFT_OPTIMIZATION_LEVEL = "-Onone";
			};
			name = Debug;
		};
		57488DA42E3DF50100AD239B /* Release */ = {
			isa = XCBuildConfiguration;
			buildSettings = {
				ALWAYS_SEARCH_USER_PATHS = NO;
				ASSETCATALOG_COMPILER_GENERATE_SWIFT_ASSET_SYMBOL_EXTENSIONS = YES;
				CLANG_ANALYZER_NONNULL = YES;
				CLANG_ANALYZER_NUMBER_OBJECT_CONVERSION = YES_AGGRESSIVE;
				CLANG_CXX_LANGUAGE_STANDARD = "gnu++20";
				CLANG_ENABLE_MODULES = YES;
				CLANG_ENABLE_OBJC_ARC = YES;
				CLANG_ENABLE_OBJC_WEAK = YES;
				CLANG_WARN_BLOCK_CAPTURE_AUTORELEASING = YES;
				CLANG_WARN_BOOL_CONVERSION = YES;
				CLANG_WARN_COMMA = YES;
				CLANG_WARN_CONSTANT_CONVERSION = YES;
				CLANG_WARN_DEPRECATED_OBJC_IMPLEMENTATIONS = YES;
				CLANG_WARN_DIRECT_OBJC_ISA_USAGE = YES_ERROR;
				CLANG_WARN_DOCUMENTATION_COMMENTS = YES;
				CLANG_WARN_EMPTY_BODY = YES;
				CLANG_WARN_ENUM_CONVERSION = YES;
				CLANG_WARN_INFINITE_RECURSION = YES;
				CLANG_WARN_INT_CONVERSION = YES;
				CLANG_WARN_NON_LITERAL_NULL_CONVERSION = YES;
				CLANG_WARN_OBJC_IMPLICIT_RETAIN_SELF = YES;
				CLANG_WARN_OBJC_LITERAL_CONVERSION = YES;
				CLANG_WARN_OBJC_ROOT_CLASS = YES_ERROR;
				CLANG_WARN_QUOTED_INCLUDE_IN_FRAMEWORK_HEADER = YES;
				CLANG_WARN_RANGE_LOOP_ANALYSIS = YES;
				CLANG_WARN_STRICT_PROTOTYPES = YES;
				CLANG_WARN_SUSPICIOUS_MOVE = YES;
				CLANG_WARN_UNGUARDED_AVAILABILITY = YES_AGGRESSIVE;
				CLANG_WARN_UNREACHABLE_CODE = YES;
				CLANG_WARN__DUPLICATE_METHOD_MATCH = YES;
				COPY_PHASE_STRIP = NO;
				DEBUG_INFORMATION_FORMAT = "dwarf-with-dsym";
				DEVELOPMENT_TEAM = 3AQ4QNZLD7;
				ENABLE_NS_ASSERTIONS = NO;
				ENABLE_STRICT_OBJC_MSGSEND = YES;
				ENABLE_USER_SCRIPT_SANDBOXING = YES;
				GCC_C_LANGUAGE_STANDARD = gnu17;
				GCC_NO_COMMON_BLOCKS = YES;
				GCC_WARN_64_TO_32_BIT_CONVERSION = YES;
				GCC_WARN_ABOUT_RETURN_TYPE = YES_ERROR;
				GCC_WARN_UNDECLARED_SELECTOR = YES;
				GCC_WARN_UNINITIALIZED_AUTOS = YES_AGGRESSIVE;
				GCC_WARN_UNUSED_FUNCTION = YES;
				GCC_WARN_UNUSED_VARIABLE = YES;
				IPHONEOS_DEPLOYMENT_TARGET = 18.4;
				LOCALIZATION_PREFERS_STRING_CATALOGS = YES;
				MTL_ENABLE_DEBUG_INFO = NO;
				MTL_FAST_MATH = YES;
				SDKROOT = iphoneos;
				SWIFT_COMPILATION_MODE = wholemodule;
				VALIDATE_PRODUCT = YES;
			};
			name = Release;
		};
		57488DA62E3DF50100AD239B /* Debug */ = {
			isa = XCBuildConfiguration;
			buildSettings = {
				ASSETCATALOG_COMPILER_APPICON_NAME = AppIcon;
				ASSETCATALOG_COMPILER_GLOBAL_ACCENT_COLOR_NAME = AccentColor;
				CODE_SIGN_STYLE = Automatic;
				CURRENT_PROJECT_VERSION = 1;
				DEVELOPMENT_TEAM = 3AQ4QNZLD7;
				ENABLE_PREVIEWS = YES;
				GENERATE_INFOPLIST_FILE = YES;
				INFOPLIST_KEY_UIApplicationSceneManifest_Generation = YES;
				INFOPLIST_KEY_UIApplicationSupportsIndirectInputEvents = YES;
				INFOPLIST_KEY_UILaunchScreen_Generation = YES;
				INFOPLIST_KEY_UISupportedInterfaceOrientations_iPad = "UIInterfaceOrientationPortrait UIInterfaceOrientationPortraitUpsideDown UIInterfaceOrientationLandscapeLeft UIInterfaceOrientationLandscapeRight";
				INFOPLIST_KEY_UISupportedInterfaceOrientations_iPhone = "UIInterfaceOrientationPortrait UIInterfaceOrientationLandscapeLeft UIInterfaceOrientationLandscapeRight";
				LD_RUNPATH_SEARCH_PATHS = (
					"$(inherited)",
					"@executable_path/Frameworks",
				);
				MARKETING_VERSION = 1.0;
				PRODUCT_BUNDLE_IDENTIFIER = com.sobhan.Speedometer;
				PRODUCT_NAME = "$(TARGET_NAME)";
				SWIFT_EMIT_LOC_STRINGS = YES;
				SWIFT_VERSION = 5.0;
				TARGETED_DEVICE_FAMILY = "1,2";
			};
			name = Debug;
		};
		57488DA72E3DF50100AD239B /* Release */ = {
			isa = XCBuildConfiguration;
			buildSettings = {
				ASSETCATALOG_COMPILER_APPICON_NAME = AppIcon;
				ASSETCATALOG_COMPILER_GLOBAL_ACCENT_COLOR_NAME = AccentColor;
				CODE_SIGN_STYLE = Automatic;
				CURRENT_PROJECT_VERSION = 1;
				DEVELOPMENT_TEAM = 3AQ4QNZLD7;
				ENABLE_PREVIEWS = YES;
				GENERATE_INFOPLIST_FILE = YES;
				INFOPLIST_KEY_UIApplicationSceneManifest_Generation = YES;
				INFOPLIST_KEY_UIApplicationSupportsIndirectInputEvents = YES;
				INFOPLIST_KEY_UILaunchScreen_Generation = YES;
				INFOPLIST_KEY_UISupportedInterfaceOrientations_iPad = "UIInterfaceOrientationPortrait UIInterfaceOrientationPortraitUpsideDown UIInterfaceOrientationLandscapeLeft UIInterfaceOrientationLandscapeRight";
				INFOPLIST_KEY_UISupportedInterfaceOrientations_iPhone = "UIInterfaceOrientationPortrait UIInterfaceOrientationLandscapeLeft UIInterfaceOrientationLandscapeRight";
				LD_RUNPATH_SEARCH_PATHS = (
					"$(inherited)",
					"@executable_path/Frameworks",
				);
				MARKETING_VERSION = 1.0;
				PRODUCT_BUNDLE_IDENTIFIER = com.sobhan.Speedometer;
				PRODUCT_NAME = "$(TARGET_NAME)";
				SWIFT_EMIT_LOC_STRINGS = YES;
				SWIFT_VERSION = 5.0;
				TARGETED_DEVICE_FAMILY = "1,2";
			};
			name = Release;
		};
/* End XCBuildConfiguration section */

/* Begin XCConfigurationList section */
		57488D952E3DF4FF00AD239B /* Build configuration list for PBXProject "Speedometer" */ = {
			isa = XCConfigurationList;
			buildConfigurations = (
				57488DA32E3DF50100AD239B /* Debug */,
				57488DA42E3DF50100AD239B /* Release */,
			);
			defaultConfigurationIsVisible = 0;
			defaultConfigurationName = Release;
		};
		57488DA52E3DF50100AD239B /* Build configuration list for PBXNativeTarget "Speedometer" */ = {
			isa = XCConfigurationList;
			buildConfigurations = (
				57488DA62E3DF50100AD239B /* Debug */,
				57488DA72E3DF50100AD239B /* Release */,
			);
			defaultConfigurationIsVisible = 0;
			defaultConfigurationName = Release;
		};
/* End XCConfigurationList section */
	};
	rootObject = 57488D922E3DF4FF00AD239B /* Project object */;
}
